
Microsoft Visual Studio Solution File, Format Version 12.00
# Visual Studio Version 17
VisualStudioVersion = 17.9.34714.143
MinimumVisualStudioVersion = 10.0.40219.1
Project("{FAE04EC0-301F-11D3-BF4B-00C04F79EFBC}") = "StudentOrganiser", "StudentOrganiser.csproj", "{2442E342-F35F-4C43-9396-4036B4EB694A}"
EndProject
Global
	GlobalSection(SolutionConfigurationPlatforms) = preSolution
		Debug|Any CPU = Debug|Any CPU
		Release|Any CPU = Release|Any CPU
	EndGlobalSection
	GlobalSection(ProjectConfigurationPlatforms) = postSolution
		{2442E342-F35F-4C43-9396-4036B4EB694A}.Debug|Any CPU.ActiveCfg = Debug|Any CPU
		{2442E342-F35F-4C43-9396-4036B4EB694A}.Debug|Any CPU.Build.0 = Debug|Any CPU
		{2442E342-F35F-4C43-9396-4036B4EB694A}.Debug|Any CPU.Deploy.0 = Debug|Any CPU
		{2442E342-F35F-4C43-9396-4036B4EB694A}.Release|Any CPU.ActiveCfg = Release|Any CPU
		{2442E342-F35F-4C43-9396-4036B4EB694A}.Release|Any CPU.Build.0 = Release|Any CPU
		{2442E342-F35F-4C43-9396-4036B4EB694A}.Release|Any CPU.Deploy.0 = Release|Any CPU
	EndGlobalSection
	GlobalSection(SolutionProperties) = preSolution
		HideSolutionNode = FALSE
	EndGlobalSection
	GlobalSection(ExtensibilityGlobals) = postSolution
		SolutionGuid = {992B65D7-1534-4882-A205-124F965CB0D3}
	EndGlobalSection
EndGlobal
